
Microsoft Visual Studio Solution File, Format Version 12.00
# Visual Studio Version 17
VisualStudioVersion = 17.5.002.0
MinimumVisualStudioVersion = 10.0.40219.1
Project("{9A19103F-16F7-4668-BE54-9A1E7A4F7556}") = "Calculator", "Calculator.csproj", "{F259207F-CE9A-4B8E-AE93-6FE010830DB2}"
EndProject
Global
	GlobalSection(SolutionConfigurationPlatforms) = preSolution
		Debug|Any CPU = Debug|Any CPU
		Release|Any CPU = Release|Any CPU
	EndGlobalSection
	GlobalSection(ProjectConfigurationPlatforms) = postSolution
		{F259207F-CE9A-4B8E-AE93-6FE010830DB2}.Debug|Any CPU.ActiveCfg = Debug|Any CPU
		{F259207F-CE9A-4B8E-AE93-6FE010830DB2}.Debug|Any CPU.Build.0 = Debug|Any CPU
		{F259207F-CE9A-4B8E-AE93-6FE010830DB2}.Release|Any CPU.ActiveCfg = Release|Any CPU
		{F259207F-CE9A-4B8E-AE93-6FE010830DB2}.Release|Any CPU.Build.0 = Release|Any CPU
	EndGlobalSection
	GlobalSection(SolutionProperties) = preSolution
		HideSolutionNode = FALSE
	EndGlobalSection
	GlobalSection(ExtensibilityGlobals) = postSolution
		SolutionGuid = {E959BB16-D8A1-4E69-8EA3-F35E0D4903DA}
	EndGlobalSection
EndGlobal
