
Microsoft Visual Studio Solution File, Format Version 12.00
# Visual Studio Version 17
VisualStudioVersion = 17.5.002.0
MinimumVisualStudioVersion = 10.0.40219.1
Project("{9A19103F-16F7-4668-BE54-9A1E7A4F7556}") = "ClasseObjeto", "ClasseObjeto\ClasseObjeto.csproj", "{57503CC1-8197-4BE6-ACB2-60B51F2809F5}"
EndProject
Global
	GlobalSection(SolutionConfigurationPlatforms) = preSolution
		Debug|Any CPU = Debug|Any CPU
		Release|Any CPU = Release|Any CPU
	EndGlobalSection
	GlobalSection(ProjectConfigurationPlatforms) = postSolution
		{57503CC1-8197-4BE6-ACB2-60B51F2809F5}.Debug|Any CPU.ActiveCfg = Debug|Any CPU
		{57503CC1-8197-4BE6-ACB2-60B51F2809F5}.Debug|Any CPU.Build.0 = Debug|Any CPU
		{57503CC1-8197-4BE6-ACB2-60B51F2809F5}.Release|Any CPU.ActiveCfg = Release|Any CPU
		{57503CC1-8197-4BE6-ACB2-60B51F2809F5}.Release|Any CPU.Build.0 = Release|Any CPU
	EndGlobalSection
	GlobalSection(SolutionProperties) = preSolution
		HideSolutionNode = FALSE
	EndGlobalSection
	GlobalSection(ExtensibilityGlobals) = postSolution
		SolutionGuid = {86EE3477-A801-47C1-ABF7-F621A3BAF2DE}
	EndGlobalSection
EndGlobal
